{
  "schema_version": 1,
  "modules": [
    {
      "id": "core",
      "path": "modules/core",
      "status": "ready",
      "url": "https://github.com/DragonDescentZerotsu/ApexOracle-Core.git",
      "commit": "bbaaedf6030c7606c31db35f285041a715db9249",
      "source_repository": "https://github.com/DragonDescentZerotsu/ApexOracle-Core.git"
    },
    {
      "id": "dlm_pretraining",
      "path": "modules/dlm_pretrain",
      "status": "ready",
      "url": "https://github.com/DragonDescentZerotsu/ApexOracle-DLM-Pretraining.git",
      "commit": "6a7cc4be7f30ba9dc807a932fb2fe06176a71e0b"
    },
    {
      "id": "mdlm",
      "path": "modules/mdlm",
      "status": "ready",
      "url": "https://github.com/DragonDescentZerotsu/ApexOracle-MDLM.git",
      "commit": "ea8d9c0de3916d2070215a6804f82ad979812d5b"
    },
    {
      "id": "evo2",
      "path": "modules/evo2",
      "status": "ready",
      "url": "https://github.com/DragonDescentZerotsu/ApexOracle-Evo2.git",
      "commit": "d60301b51977e79c051e566099698c132d52d54a"
    },
    {
      "id": "generation",
      "path": "modules/generation",
      "status": "ready",
      "url": "https://github.com/DragonDescentZerotsu/ApexOracle-Generation.git",
      "commit": "bfff9b98717c4f1487031b028d9c2a5d743add87"
    }
  ]
}
