{
  "schema_version": 1,
  "modules": [
    {
      "id": "core",
      "path": "modules/core",
      "status": "ready",
      "url": "https://github.com/DragonDescentZerotsu/ApexOracle-Core.git",
      "commit": "bc4aa31bb615af19eacb142c9bbddc929cbabd02",
      "source_repository": "https://github.com/DragonDescentZerotsu/ApexOracle-Core.git"
    },
    {
      "id": "dlm_pretraining",
      "path": "modules/dlm_pretrain",
      "status": "ready",
      "url": "https://github.com/DragonDescentZerotsu/ApexOracle-DLM-Pretraining.git",
      "commit": "362ffccac79bdd638a4e913c4f17df613da18f36"
    },
    {
      "id": "mdlm",
      "path": "modules/mdlm",
      "status": "ready",
      "url": "https://github.com/DragonDescentZerotsu/ApexOracle-MDLM.git",
      "commit": "931e3dc09bfc2501809c03dbd016741406950f5f"
    },
    {
      "id": "evo2",
      "path": "modules/evo2",
      "status": "ready",
      "url": "https://github.com/DragonDescentZerotsu/ApexOracle-Evo2.git",
      "commit": "2184211acda07b0d5ca865067174ac42f530ad04"
    },
    {
      "id": "generation",
      "path": "modules/generation",
      "status": "ready",
      "url": "https://github.com/DragonDescentZerotsu/ApexOracle-Generation.git",
      "commit": "67b593e1a623af3af80c64e263bde527d73d89ef"
    }
  ]
}
